#
# This file is autogenerated by pip-compile with Python 3.12
# by the following command:
#
#    pip-compile --all-extras --output-file=requirements.lock pyproject.toml
#
anyio==4.14.2
    # via httpx
argcomplete==3.7.0
    # via nox
ast-serialize==0.6.0
    # via mypy
attrs==26.1.0
    # via nox
backports-zstd==1.6.0
    # via pbs-installer
bandit==1.9.4
    # via epub-to-html (pyproject.toml)
beautifulsoup4==4.15.0
    # via epub-to-html (pyproject.toml)
build==1.5.0
    # via
    #   epub-to-html (pyproject.toml)
    #   pip-tools
certifi==2026.7.22
    # via
    #   httpcore
    #   httpx
chardet==7.4.3
    # via epub-to-html (pyproject.toml)
click==8.4.2
    # via pip-tools
colorama==0.4.6
    # via
    #   bandit
    #   build
    #   click
    #   colorlog
    #   pytest
colorlog==6.12.0
    # via nox
coverage[toml]==7.15.2
    # via
    #   epub-to-html (pyproject.toml)
    #   pytest-cov
dependency-groups==1.3.1
    # via nox
distlib==0.4.3
    # via virtualenv
ebooklib==0.20
    # via epub-to-html (pyproject.toml)
filelock==3.32.0
    # via
    #   python-discovery
    #   virtualenv
h11==0.16.0
    # via httpcore
httpcore==1.0.9
    # via httpx
httpx==0.28.1
    # via pbs-installer
humanize==4.16.0
    # via nox
idna==3.18
    # via
    #   anyio
    #   httpx
iniconfig==2.3.0
    # via pytest
librt==0.13.0
    # via mypy
lxml==6.1.1
    # via ebooklib
markdown-it-py==4.2.0
    # via rich
mdurl==0.1.2
    # via markdown-it-py
mypy==2.3.0
    # via epub-to-html (pyproject.toml)
mypy-extensions==1.1.0
    # via mypy
nox[pbs]==2026.7.11
    # via epub-to-html (pyproject.toml)
packaging==26.2
    # via
    #   build
    #   dependency-groups
    #   nox
    #   pytest
    #   wheel
pathspec==1.1.1
    # via mypy
pbs-installer[all,download,install]==2026.7.18
    # via nox
pip-tools==7.6.0
    # via epub-to-html (pyproject.toml)
platformdirs==4.11.0
    # via
    #   python-discovery
    #   virtualenv
pluggy==1.6.0
    # via
    #   pytest
    #   pytest-cov
pygments==2.20.0
    # via
    #   pytest
    #   rich
pyproject-hooks==1.2.0
    # via
    #   build
    #   pip-tools
pytest==9.1.1
    # via
    #   epub-to-html (pyproject.toml)
    #   pytest-cov
pytest-cov==7.1.0
    # via epub-to-html (pyproject.toml)
python-discovery==1.5.0
    # via virtualenv
pyyaml==6.0.3
    # via bandit
rich==15.0.0
    # via
    #   bandit
    #   epub-to-html (pyproject.toml)
ruff==0.16.0
    # via epub-to-html (pyproject.toml)
six==1.17.0
    # via ebooklib
soupsieve==2.9.1
    # via beautifulsoup4
stevedore==5.9.0
    # via bandit
typing-extensions==4.16.0
    # via
    #   anyio
    #   beautifulsoup4
    #   mypy
virtualenv==21.7.0
    # via nox
wheel==0.47.0
    # via pip-tools

# The following packages are considered to be unsafe in a requirements file:
# pip
# setuptools
